// !$*UTF8*$!
{
	archiveVersion = 1;
	classes = {
	};
	objectVersion = 50;
	objects = {

/* Begin PBXBuildFile section */
		75F7E3E12385A92A006C18A2 /* AppDelegate.swift in Sources */ = {isa = PBXBuildFile; fileRef = 75F7E3E02385A92A006C18A2 /* AppDelegate.swift */; };
		75F7E3E32385A92A006C18A2 /* ViewController.swift in Sources */ = {isa = PBXBuildFile; fileRef = 75F7E3E22385A92A006C18A2 /* ViewController.swift */; };
		75F7E3E62385A92A006C18A2 /* Main.storyboard in Resources */ = {isa = PBXBuildFile; fileRef = 75F7E3E42385A92A006C18A2 /* Main.storyboard */; };
		75F7E3E82385A92C006C18A2 /* Assets.xcassets in Resources */ = {isa = PBXBuildFile; fileRef = 75F7E3E72385A92C006C18A2 /* Assets.xcassets */; };
		75F7E3EB2385A92C006C18A2 /* LaunchScreen.storyboard in Resources */ = {isa = PBXBuildFile; fileRef = 75F7E3E92385A92C006C18A2 /* LaunchScreen.storyboard */; };
		75F7E3F52385AAEF006C18A2 /* Model.swift in Sources */ = {isa = PBXBuildFile; fileRef = 75F7E3F42385AAEF006C18A2 /* Model.swift */; };
		75F7E3FD2385AF33006C18A2 /* ViewModel.swift in Sources */ = {isa = PBXBuildFile; fileRef = 75F7E3FC2385AF33006C18A2 /* ViewModel.swift */; };
		75F7E4032385B66E006C18A2 /* CustomCell.swift in Sources */ = {isa = PBXBuildFile; fileRef = 75F7E4012385B66E006C18A2 /* CustomCell.swift */; };
/* End PBXBuildFile section */

/* Begin PBXFileReference section */
		75F7E3DD2385A92A006C18A2 /* TableViewTesting.app */ = {isa = PBXFileReference; explicitFileType = wrapper.application; includeInIndex = 0; path = TableViewTesting.app; sourceTree = BUILT_PRODUCTS_DIR; };
		75F7E3E02385A92A006C18A2 /* AppDelegate.swift */ = {isa = PBXFileReference; lastKnownFileType = sourcecode.swift; path = AppDelegate.swift; sourceTree = "<group>"; };
		75F7E3E22385A92A006C18A2 /* ViewController.swift */ = {isa = PBXFileReference; lastKnownFileType = sourcecode.swift; path = ViewController.swift; sourceTree = "<group>"; };
		75F7E3E52385A92A006C18A2 /* Base */ = {isa = PBXFileReference; lastKnownFileType = file.storyboard; name = Base; path = Base.lproj/Main.storyboard; sourceTree = "<group>"; };
		75F7E3E72385A92C006C18A2 /* Assets.xcassets */ = {isa = PBXFileReference; lastKnownFileType = folder.assetcatalog; path = Assets.xcassets; sourceTree = "<group>"; };
		75F7E3EA2385A92C006C18A2 /* Base */ = {isa = PBXFileReference; lastKnownFileType = file.storyboard; name = Base; path = Base.lproj/LaunchScreen.storyboard; sourceTree = "<group>"; };
		75F7E3EC2385A92C006C18A2 /* Info.plist */ = {isa = PBXFileReference; lastKnownFileType = text.plist.xml; path = Info.plist; sourceTree = "<group>"; };
		75F7E3F42385AAEF006C18A2 /* Model.swift */ = {isa = PBXFileReference; lastKnownFileType = sourcecode.swift; path = Model.swift; sourceTree = "<group>"; };
		75F7E3FC2385AF33006C18A2 /* ViewModel.swift */ = {isa = PBXFileReference; lastKnownFileType = sourcecode.swift; path = ViewModel.swift; sourceTree = "<group>"; };
		75F7E4012385B66E006C18A2 /* CustomCell.swift */ = {isa = PBXFileReference; lastKnownFileType = sourcecode.swift; path = CustomCell.swift; sourceTree = "<group>"; };
/* End PBXFileReference section */

/* Begin PBXFrameworksBuildPhase section */
		75F7E3DA2385A92A006C18A2 /* Frameworks */ = {
			isa = PBXFrameworksBuildPhase;
			buildActionMask = 2147483647;
			files = (
			);
			runOnlyForDeploymentPostprocessing = 0;
		};
/* End PBXFrameworksBuildPhase section */

/* Begin PBXGroup section */
		75F7E3D42385A92A006C18A2 = {
			isa = PBXGroup;
			children = (
				75F7E3DF2385A92A006C18A2 /* TableViewTesting */,
				75F7E3DE2385A92A006C18A2 /* Products */,
			);
			sourceTree = "<group>";
		};
		75F7E3DE2385A92A006C18A2 /* Products */ = {
			isa = PBXGroup;
			children = (
				75F7E3DD2385A92A006C18A2 /* TableViewTesting.app */,
			);
			name = Products;
			sourceTree = "<group>";
		};
		75F7E3DF2385A92A006C18A2 /* TableViewTesting */ = {
			isa = PBXGroup;
			children = (
				75F7E3FB2385AEB5006C18A2 /* AppDataAndResource */,
				75F7E3FA2385AE9B006C18A2 /* Cells */,
				75F7E3F62385AE39006C18A2 /* MVVM */,
			);
			path = TableViewTesting;
			sourceTree = "<group>";
		};
		75F7E3F62385AE39006C18A2 /* MVVM */ = {
			isa = PBXGroup;
			children = (
				75F7E3F92385AE5F006C18A2 /* Model */,
				75F7E3F82385AE5B006C18A2 /* View */,
				75F7E3F72385AE57006C18A2 /* ViewModel */,
			);
			path = MVVM;
			sourceTree = "<group>";
		};
		75F7E3F72385AE57006C18A2 /* ViewModel */ = {
			isa = PBXGroup;
			children = (
				75F7E3E22385A92A006C18A2 /* ViewController.swift */,
				75F7E3FC2385AF33006C18A2 /* ViewModel.swift */,
			);
			path = ViewModel;
			sourceTree = "<group>";
		};
		75F7E3F82385AE5B006C18A2 /* View */ = {
			isa = PBXGroup;
			children = (
				75F7E3E42385A92A006C18A2 /* Main.storyboard */,
				75F7E3E92385A92C006C18A2 /* LaunchScreen.storyboard */,
			);
			path = View;
			sourceTree = "<group>";
		};
		75F7E3F92385AE5F006C18A2 /* Model */ = {
			isa = PBXGroup;
			children = (
				75F7E3F42385AAEF006C18A2 /* Model.swift */,
			);
			path = Model;
			sourceTree = "<group>";
		};
		75F7E3FA2385AE9B006C18A2 /* Cells */ = {
			isa = PBXGroup;
			children = (
				75F7E4012385B66E006C18A2 /* CustomCell.swift */,
			);
			path = Cells;
			sourceTree = "<group>";
		};
		75F7E3FB2385AEB5006C18A2 /* AppDataAndResource */ = {
			isa = PBXGroup;
			children = (
				75F7E3E02385A92A006C18A2 /* AppDelegate.swift */,
				75F7E3E72385A92C006C18A2 /* Assets.xcassets */,
				75F7E3EC2385A92C006C18A2 /* Info.plist */,
			);
			path = AppDataAndResource;
			sourceTree = "<group>";
		};
/* End PBXGroup section */

/* Begin PBXNativeTarget section */
		75F7E3DC2385A92A006C18A2 /* TableViewTesting */ = {
			isa = PBXNativeTarget;
			buildConfigurationList = 75F7E3EF2385A92C006C18A2 /* Build configuration list for PBXNativeTarget "TableViewTesting" */;
			buildPhases = (
				75F7E3D92385A92A006C18A2 /* Sources */,
				75F7E3DA2385A92A006C18A2 /* Frameworks */,
				75F7E3DB2385A92A006C18A2 /* Resources */,
			);
			buildRules = (
			);
			dependencies = (
			);
			name = TableViewTesting;
			productName = TableViewTesting;
			productReference = 75F7E3DD2385A92A006C18A2 /* TableViewTesting.app */;
			productType = "com.apple.product-type.application";
		};
/* End PBXNativeTarget section */

/* Begin PBXProject section */
		75F7E3D52385A92A006C18A2 /* Project object */ = {
			isa = PBXProject;
			attributes = {
				LastSwiftUpdateCheck = 1010;
				LastUpgradeCheck = 1010;
				ORGANIZATIONNAME = VD;
				TargetAttributes = {
					75F7E3DC2385A92A006C18A2 = {
						CreatedOnToolsVersion = 10.1;
					};
				};
			};
			buildConfigurationList = 75F7E3D82385A92A006C18A2 /* Build configuration list for PBXProject "TableViewTesting" */;
			compatibilityVersion = "Xcode 9.3";
			developmentRegion = en;
			hasScannedForEncodings = 0;
			knownRegions = (
				en,
				Base,
			);
			mainGroup = 75F7E3D42385A92A006C18A2;
			productRefGroup = 75F7E3DE2385A92A006C18A2 /* Products */;
			projectDirPath = "";
			projectRoot = "";
			targets = (
				75F7E3DC2385A92A006C18A2 /* TableViewTesting */,
			);
		};
/* End PBXProject section */

/* Begin PBXResourcesBuildPhase section */
		75F7E3DB2385A92A006C18A2 /* Resources */ = {
			isa = PBXResourcesBuildPhase;
			buildActionMask = 2147483647;
			files = (
				75F7E3EB2385A92C006C18A2 /* LaunchScreen.storyboard in Resources */,
				75F7E3E82385A92C006C18A2 /* Assets.xcassets in Resources */,
				75F7E3E62385A92A006C18A2 /* Main.storyboard in Resources */,
			);
			runOnlyForDeploymentPostprocessing = 0;
		};
/* End PBXResourcesBuildPhase section */

/* Begin PBXSourcesBuildPhase section */
		75F7E3D92385A92A006C18A2 /* Sources */ = {
			isa = PBXSourcesBuildPhase;
			buildActionMask = 2147483647;
			files = (
				75F7E3FD2385AF33006C18A2 /* ViewModel.swift in Sources */,
				75F7E3E32385A92A006C18A2 /* ViewController.swift in Sources */,
				75F7E3E12385A92A006C18A2 /* AppDelegate.swift in Sources */,
				75F7E4032385B66E006C18A2 /* CustomCell.swift in Sources */,
				75F7E3F52385AAEF006C18A2 /* Model.swift in Sources */,
			);
			runOnlyForDeploymentPostprocessing = 0;
		};
/* End PBXSourcesBuildPhase section */

/* Begin PBXVariantGroup section */
		75F7E3E42385A92A006C18A2 /* Main.storyboard */ = {
			isa = PBXVariantGroup;
			children = (
				75F7E3E52385A92A006C18A2 /* Base */,
			);
			name = Main.storyboard;
			sourceTree = "<group>";
		};
		75F7E3E92385A92C006C18A2 /* LaunchScreen.storyboard */ = {
			isa = PBXVariantGroup;
			children = (
				75F7E3EA2385A92C006C18A2 /* Base */,
			);
			name = LaunchScreen.storyboard;
			sourceTree = "<group>";
		};
/* End PBXVariantGroup section */

/* Begin XCBuildConfiguration section */
		75F7E3ED2385A92C006C18A2 /* Debug */ = {
			isa = XCBuildConfiguration;
			buildSettings = {
				ALWAYS_SEARCH_USER_PATHS = NO;
				CLANG_ANALYZER_NONNULL = YES;
				CLANG_ANALYZER_NUMBER_OBJECT_CONVERSION = YES_AGGRESSIVE;
				CLANG_CXX_LANGUAGE_STANDARD = "gnu++14";
				CLANG_CXX_LIBRARY = "libc++";
				CLANG_ENABLE_MODULES = YES;
				CLANG_ENABLE_OBJC_ARC = YES;
				CLANG_ENABLE_OBJC_WEAK = YES;
				CLANG_WARN_BLOCK_CAPTURE_AUTORELEASING = YES;
				CLANG_WARN_BOOL_CONVERSION = YES;
				CLANG_WARN_COMMA = YES;
				CLANG_WARN_CONSTANT_CONVERSION = YES;
				CLANG_WARN_DEPRECATED_OBJC_IMPLEMENTATIONS = YES;
				CLANG_WARN_DIRECT_OBJC_ISA_USAGE = YES_ERROR;
				CLANG_WARN_DOCUMENTATION_COMMENTS = YES;
				CLANG_WARN_EMPTY_BODY = YES;
				CLANG_WARN_ENUM_CONVERSION = YES;
				CLANG_WARN_INFINITE_RECURSION = YES;
				CLANG_WARN_INT_CONVERSION = YES;
				CLANG_WARN_NON_LITERAL_NULL_CONVERSION = YES;
				CLANG_WARN_OBJC_IMPLICIT_RETAIN_SELF = YES;
				CLANG_WARN_OBJC_LITERAL_CONVERSION = YES;
				CLANG_WARN_OBJC_ROOT_CLASS = YES_ERROR;
				CLANG_WARN_RANGE_LOOP_ANALYSIS = YES;
				CLANG_WARN_STRICT_PROTOTYPES = YES;
				CLANG_WARN_SUSPICIOUS_MOVE = YES;
				CLANG_WARN_UNGUARDED_AVAILABILITY = YES_AGGRESSIVE;
				CLANG_WARN_UNREACHABLE_CODE = YES;
				CLANG_WARN__DUPLICATE_METHOD_MATCH = YES;
				CODE_SIGN_IDENTITY = "iPhone Developer";
				COPY_PHASE_STRIP = NO;
				DEBUG_INFORMATION_FORMAT = dwarf;
				ENABLE_STRICT_OBJC_MSGSEND = YES;
				ENABLE_TESTABILITY = YES;
				GCC_C_LANGUAGE_STANDARD = gnu11;
				GCC_DYNAMIC_NO_PIC = NO;
				GCC_NO_COMMON_BLOCKS = YES;
				GCC_OPTIMIZATION_LEVEL = 0;
				GCC_PREPROCESSOR_DEFINITIONS = (
					"DEBUG=1",
					"$(inherited)",
				);
				GCC_WARN_64_TO_32_BIT_CONVERSION = YES;
				GCC_WARN_ABOUT_RETURN_TYPE = YES_ERROR;
				GCC_WARN_UNDECLARED_SELECTOR = YES;
				GCC_WARN_UNINITIALIZED_AUTOS = YES_AGGRESSIVE;
				GCC_WARN_UNUSED_FUNCTION = YES;
				GCC_WARN_UNUSED_VARIABLE = YES;
				IPHONEOS_DEPLOYMENT_TARGET = 12.1;
				MTL_ENABLE_DEBUG_INFO = INCLUDE_SOURCE;
				MTL_FAST_MATH = YES;
				ONLY_ACTIVE_ARCH = YES;
				SDKROOT = iphoneos;
				SWIFT_ACTIVE_COMPILATION_CONDITIONS = DEBUG;
				SWIFT_OPTIMIZATION_LEVEL = "-Onone";
			};
			name = Debug;
		};
		75F7E3EE2385A92C006C18A2 /* Release */ = {
			isa = XCBuildConfiguration;
			buildSettings = {
				ALWAYS_SEARCH_USER_PATHS = NO;
				CLANG_ANALYZER_NONNULL = YES;
				CLANG_ANALYZER_NUMBER_OBJECT_CONVERSION = YES_AGGRESSIVE;
				CLANG_CXX_LANGUAGE_STANDARD = "gnu++14";
				CLANG_CXX_LIBRARY = "libc++";
				CLANG_ENABLE_MODULES = YES;
				CLANG_ENABLE_OBJC_ARC = YES;
				CLANG_ENABLE_OBJC_WEAK = YES;
				CLANG_WARN_BLOCK_CAPTURE_AUTORELEASING = YES;
				CLANG_WARN_BOOL_CONVERSION = YES;
				CLANG_WARN_COMMA = YES;
				CLANG_WARN_CONSTANT_CONVERSION = YES;
				CLANG_WARN_DEPRECATED_OBJC_IMPLEMENTATIONS = YES;
				CLANG_WARN_DIRECT_OBJC_ISA_USAGE = YES_ERROR;
				CLANG_WARN_DOCUMENTATION_COMMENTS = YES;
				CLANG_WARN_EMPTY_BODY = YES;
				CLANG_WARN_ENUM_CONVERSION = YES;
				CLANG_WARN_INFINITE_RECURSION = YES;
				CLANG_WARN_INT_CONVERSION = YES;
				CLANG_WARN_NON_LITERAL_NULL_CONVERSION = YES;
				CLANG_WARN_OBJC_IMPLICIT_RETAIN_SELF = YES;
				CLANG_WARN_OBJC_LITERAL_CONVERSION = YES;
				CLANG_WARN_OBJC_ROOT_CLASS = YES_ERROR;
				CLANG_WARN_RANGE_LOOP_ANALYSIS = YES;
				CLANG_WARN_STRICT_PROTOTYPES = YES;
				CLANG_WARN_SUSPICIOUS_MOVE = YES;
				CLANG_WARN_UNGUARDED_AVAILABILITY = YES_AGGRESSIVE;
				CLANG_WARN_UNREACHABLE_CODE = YES;
				CLANG_WARN__DUPLICATE_METHOD_MATCH = YES;
				CODE_SIGN_IDENTITY = "iPhone Developer";
				COPY_PHASE_STRIP = NO;
				DEBUG_INFORMATION_FORMAT = "dwarf-with-dsym";
				ENABLE_NS_ASSERTIONS = NO;
				ENABLE_STRICT_OBJC_MSGSEND = YES;
				GCC_C_LANGUAGE_STANDARD = gnu11;
				GCC_NO_COMMON_BLOCKS = YES;
				GCC_WARN_64_TO_32_BIT_CONVERSION = YES;
				GCC_WARN_ABOUT_RETURN_TYPE = YES_ERROR;
				GCC_WARN_UNDECLARED_SELECTOR = YES;
				GCC_WARN_UNINITIALIZED_AUTOS = YES_AGGRESSIVE;
				GCC_WARN_UNUSED_FUNCTION = YES;
				GCC_WARN_UNUSED_VARIABLE = YES;
				IPHONEOS_DEPLOYMENT_TARGET = 12.1;
				MTL_ENABLE_DEBUG_INFO = NO;
				MTL_FAST_MATH = YES;
				SDKROOT = iphoneos;
				SWIFT_COMPILATION_MODE = wholemodule;
				SWIFT_OPTIMIZATION_LEVEL = "-O";
				VALIDATE_PRODUCT = YES;
			};
			name = Release;
		};
		75F7E3F02385A92C006C18A2 /* Debug */ = {
			isa = XCBuildConfiguration;
			buildSettings = {
				ASSETCATALOG_COMPILER_APPICON_NAME = AppIcon;
				CODE_SIGN_STYLE = Automatic;
				INFOPLIST_FILE = "$(SRCROOT)/TableViewTesting/AppDataAndResource/Info.plist";
				LD_RUNPATH_SEARCH_PATHS = (
					"$(inherited)",
					"@executable_path/Frameworks",
				);
				PRODUCT_BUNDLE_IDENTIFIER = com.virat.testing.TableViewTesting;
				PRODUCT_NAME = "$(TARGET_NAME)";
				SWIFT_VERSION = 4.2;
				TARGETED_DEVICE_FAMILY = "1,2";
			};
			name = Debug;
		};
		75F7E3F12385A92C006C18A2 /* Release */ = {
			isa = XCBuildConfiguration;
			buildSettings = {
				ASSETCATALOG_COMPILER_APPICON_NAME = AppIcon;
				CODE_SIGN_STYLE = Automatic;
				INFOPLIST_FILE = "$(SRCROOT)/TableViewTesting/AppDataAndResource/Info.plist";
				LD_RUNPATH_SEARCH_PATHS = (
					"$(inherited)",
					"@executable_path/Frameworks",
				);
				PRODUCT_BUNDLE_IDENTIFIER = com.virat.testing.TableViewTesting;
				PRODUCT_NAME = "$(TARGET_NAME)";
				SWIFT_VERSION = 4.2;
				TARGETED_DEVICE_FAMILY = "1,2";
			};
			name = Release;
		};
/* End XCBuildConfiguration section */

/* Begin XCConfigurationList section */
		75F7E3D82385A92A006C18A2 /* Build configuration list for PBXProject "TableViewTesting" */ = {
			isa = XCConfigurationList;
			buildConfigurations = (
				75F7E3ED2385A92C006C18A2 /* Debug */,
				75F7E3EE2385A92C006C18A2 /* Release */,
			);
			defaultConfigurationIsVisible = 0;
			defaultConfigurationName = Release;
		};
		75F7E3EF2385A92C006C18A2 /* Build configuration list for PBXNativeTarget "TableViewTesting" */ = {
			isa = XCConfigurationList;
			buildConfigurations = (
				75F7E3F02385A92C006C18A2 /* Debug */,
				75F7E3F12385A92C006C18A2 /* Release */,
			);
			defaultConfigurationIsVisible = 0;
			defaultConfigurationName = Release;
		};
/* End XCConfigurationList section */
	};
	rootObject = 75F7E3D52385A92A006C18A2 /* Project object */;
}
